// !$*UTF8*$!
{
	archiveVersion = 1;
	classes = {
	};
	objectVersion = 55;
	objects = {

/* Begin PBXBuildFile section */
		56328F1F27FCBD9100CF968D /* AppDelegate.swift in Sources */ = {isa = PBXBuildFile; fileRef = 56328F1E27FCBD9100CF968D /* AppDelegate.swift */; };
		56328F2127FCBD9100CF968D /* SceneDelegate.swift in Sources */ = {isa = PBXBuildFile; fileRef = 56328F2027FCBD9100CF968D /* SceneDelegate.swift */; };
		56328F2327FCBD9100CF968D /* ViewController.swift in Sources */ = {isa = PBXBuildFile; fileRef = 56328F2227FCBD9100CF968D /* ViewController.swift */; };
		56328F2627FCBD9100CF968D /* Main.storyboard in Resources */ = {isa = PBXBuildFile; fileRef = 56328F2427FCBD9100CF968D /* Main.storyboard */; };
		56328F2827FCBD9300CF968D /* Assets.xcassets in Resources */ = {isa = PBXBuildFile; fileRef = 56328F2727FCBD9300CF968D /* Assets.xcassets */; };
		56328F2B27FCBD9300CF968D /* LaunchScreen.storyboard in Resources */ = {isa = PBXBuildFile; fileRef = 56328F2927FCBD9300CF968D /* LaunchScreen.storyboard */; };
		56328F3627FCBD9300CF968D /* MAD_Ind04_lastName_firstNameTests.swift in Sources */ = {isa = PBXBuildFile; fileRef = 56328F3527FCBD9300CF968D /* MAD_Ind04_lastName_firstNameTests.swift */; };
		56328F4027FCBD9300CF968D /* MAD_Ind04_lastName_firstNameUITests.swift in Sources */ = {isa = PBXBuildFile; fileRef = 56328F3F27FCBD9300CF968D /* MAD_Ind04_lastName_firstNameUITests.swift */; };
		56328F4227FCBD9300CF968D /* MAD_Ind04_lastName_firstNameUITestsLaunchTests.swift in Sources */ = {isa = PBXBuildFile; fileRef = 56328F4127FCBD9300CF968D /* MAD_Ind04_lastName_firstNameUITestsLaunchTests.swift */; };
		56328F4F27FCBF4700CF968D /* TableViewController.swift in Sources */ = {isa = PBXBuildFile; fileRef = 56328F4E27FCBF4700CF968D /* TableViewController.swift */; };
/* End PBXBuildFile section */

/* Begin PBXContainerItemProxy section */
		56328F3227FCBD9300CF968D /* PBXContainerItemProxy */ = {
			isa = PBXContainerItemProxy;
			containerPortal = 56328F1327FCBD9100CF968D /* Project object */;
			proxyType = 1;
			remoteGlobalIDString = 56328F1A27FCBD9100CF968D;
			remoteInfo = MAD_Ind04_lastName_firstName;
		};
		56328F3C27FCBD9300CF968D /* PBXContainerItemProxy */ = {
			isa = PBXContainerItemProxy;
			containerPortal = 56328F1327FCBD9100CF968D /* Project object */;
			proxyType = 1;
			remoteGlobalIDString = 56328F1A27FCBD9100CF968D;
			remoteInfo = MAD_Ind04_lastName_firstName;
		};
/* End PBXContainerItemProxy section */

/* Begin PBXFileReference section */
		56328F1B27FCBD9100CF968D /* MAD_Ind04_Crews_Virginia.app */ = {isa = PBXFileReference; explicitFileType = wrapper.application; includeInIndex = 0; path = MAD_Ind04_Crews_Virginia.app; sourceTree = BUILT_PRODUCTS_DIR; };
		56328F1E27FCBD9100CF968D /* AppDelegate.swift */ = {isa = PBXFileReference; lastKnownFileType = sourcecode.swift; path = AppDelegate.swift; sourceTree = "<group>"; };
		56328F2027FCBD9100CF968D /* SceneDelegate.swift */ = {isa = PBXFileReference; lastKnownFileType = sourcecode.swift; path = SceneDelegate.swift; sourceTree = "<group>"; };
		56328F2227FCBD9100CF968D /* ViewController.swift */ = {isa = PBXFileReference; lastKnownFileType = sourcecode.swift; path = ViewController.swift; sourceTree = "<group>"; };
		56328F2527FCBD9100CF968D /* Base */ = {isa = PBXFileReference; lastKnownFileType = file.storyboard; name = Base; path = Base.lproj/Main.storyboard; sourceTree = "<group>"; };
		56328F2727FCBD9300CF968D /* Assets.xcassets */ = {isa = PBXFileReference; lastKnownFileType = folder.assetcatalog; path = Assets.xcassets; sourceTree = "<group>"; };
		56328F2A27FCBD9300CF968D /* Base */ = {isa = PBXFileReference; lastKnownFileType = file.storyboard; name = Base; path = Base.lproj/LaunchScreen.storyboard; sourceTree = "<group>"; };
		56328F2C27FCBD9300CF968D /* Info.plist */ = {isa = PBXFileReference; lastKnownFileType = text.plist.xml; path = Info.plist; sourceTree = "<group>"; };
		56328F3127FCBD9300CF968D /* MAD_Ind04_Crews_VirginiaTests.xctest */ = {isa = PBXFileReference; explicitFileType = wrapper.cfbundle; includeInIndex = 0; path = MAD_Ind04_Crews_VirginiaTests.xctest; sourceTree = BUILT_PRODUCTS_DIR; };
		56328F3527FCBD9300CF968D /* MAD_Ind04_lastName_firstNameTests.swift */ = {isa = PBXFileReference; lastKnownFileType = sourcecode.swift; path = MAD_Ind04_lastName_firstNameTests.swift; sourceTree = "<group>"; };
		56328F3B27FCBD9300CF968D /* MAD_Ind04_Crews_VirginiaUITests.xctest */ = {isa = PBXFileReference; explicitFileType = wrapper.cfbundle; includeInIndex = 0; path = MAD_Ind04_Crews_VirginiaUITests.xctest; sourceTree = BUILT_PRODUCTS_DIR; };
		56328F3F27FCBD9300CF968D /* MAD_Ind04_lastName_firstNameUITests.swift */ = {isa = PBXFileReference; lastKnownFileType = sourcecode.swift; path = MAD_Ind04_lastName_firstNameUITests.swift; sourceTree = "<group>"; };
		56328F4127FCBD9300CF968D /* MAD_Ind04_lastName_firstNameUITestsLaunchTests.swift */ = {isa = PBXFileReference; lastKnownFileType = sourcecode.swift; path = MAD_Ind04_lastName_firstNameUITestsLaunchTests.swift; sourceTree = "<group>"; };
		56328F4E27FCBF4700CF968D /* TableViewController.swift */ = {isa = PBXFileReference; lastKnownFileType = sourcecode.swift; path = TableViewController.swift; sourceTree = "<group>"; };
/* End PBXFileReference section */

/* Begin PBXFrameworksBuildPhase section */
		56328F1827FCBD9100CF968D /* Frameworks */ = {
			isa = PBXFrameworksBuildPhase;
			buildActionMask = 2147483647;
			files = (
			);
			runOnlyForDeploymentPostprocessing = 0;
		};
		56328F2E27FCBD9300CF968D /* Frameworks */ = {
			isa = PBXFrameworksBuildPhase;
			buildActionMask = 2147483647;
			files = (
			);
			runOnlyForDeploymentPostprocessing = 0;
		};
		56328F3827FCBD9300CF968D /* Frameworks */ = {
			isa = PBXFrameworksBuildPhase;
			buildActionMask = 2147483647;
			files = (
			);
			runOnlyForDeploymentPostprocessing = 0;
		};
/* End PBXFrameworksBuildPhase section */

/* Begin PBXGroup section */
		56328F1227FCBD9100CF968D = {
			isa = PBXGroup;
			children = (
				56328F1D27FCBD9100CF968D /* MAD_Ind04_lastName_firstName */,
				56328F3427FCBD9300CF968D /* MAD_Ind04_lastName_firstNameTests */,
				56328F3E27FCBD9300CF968D /* MAD_Ind04_lastName_firstNameUITests */,
				56328F1C27FCBD9100CF968D /* Products */,
			);
			sourceTree = "<group>";
		};
		56328F1C27FCBD9100CF968D /* Products */ = {
			isa = PBXGroup;
			children = (
				56328F1B27FCBD9100CF968D /* MAD_Ind04_Crews_Virginia.app */,
				56328F3127FCBD9300CF968D /* MAD_Ind04_Crews_VirginiaTests.xctest */,
				56328F3B27FCBD9300CF968D /* MAD_Ind04_Crews_VirginiaUITests.xctest */,
			);
			name = Products;
			sourceTree = "<group>";
		};
		56328F1D27FCBD9100CF968D /* MAD_Ind04_lastName_firstName */ = {
			isa = PBXGroup;
			children = (
				56328F1E27FCBD9100CF968D /* AppDelegate.swift */,
				56328F2027FCBD9100CF968D /* SceneDelegate.swift */,
				56328F2227FCBD9100CF968D /* ViewController.swift */,
				56328F2427FCBD9100CF968D /* Main.storyboard */,
				56328F4E27FCBF4700CF968D /* TableViewController.swift */,
				56328F2727FCBD9300CF968D /* Assets.xcassets */,
				56328F2927FCBD9300CF968D /* LaunchScreen.storyboard */,
				56328F2C27FCBD9300CF968D /* Info.plist */,
			);
			path = MAD_Ind04_lastName_firstName;
			sourceTree = "<group>";
		};
		56328F3427FCBD9300CF968D /* MAD_Ind04_lastName_firstNameTests */ = {
			isa = PBXGroup;
			children = (
				56328F3527FCBD9300CF968D /* MAD_Ind04_lastName_firstNameTests.swift */,
			);
			path = MAD_Ind04_lastName_firstNameTests;
			sourceTree = "<group>";
		};
		56328F3E27FCBD9300CF968D /* MAD_Ind04_lastName_firstNameUITests */ = {
			isa = PBXGroup;
			children = (
				56328F3F27FCBD9300CF968D /* MAD_Ind04_lastName_firstNameUITests.swift */,
				56328F4127FCBD9300CF968D /* MAD_Ind04_lastName_firstNameUITestsLaunchTests.swift */,
			);
			path = MAD_Ind04_lastName_firstNameUITests;
			sourceTree = "<group>";
		};
/* End PBXGroup section */

/* Begin PBXNativeTarget section */
		56328F1A27FCBD9100CF968D /* MAD_Ind04_Crews_Virginia */ = {
			isa = PBXNativeTarget;
			buildConfigurationList = 56328F4527FCBD9300CF968D /* Build configuration list for PBXNativeTarget "MAD_Ind04_Crews_Virginia" */;
			buildPhases = (
				56328F1727FCBD9100CF968D /* Sources */,
				56328F1827FCBD9100CF968D /* Frameworks */,
				56328F1927FCBD9100CF968D /* Resources */,
			);
			buildRules = (
			);
			dependencies = (
			);
			name = MAD_Ind04_Crews_Virginia;
			productName = MAD_Ind04_lastName_firstName;
			productReference = 56328F1B27FCBD9100CF968D /* MAD_Ind04_Crews_Virginia.app */;
			productType = "com.apple.product-type.application";
		};
		56328F3027FCBD9300CF968D /* MAD_Ind04_Crews_VirginiaTests */ = {
			isa = PBXNativeTarget;
			buildConfigurationList = 56328F4827FCBD9300CF968D /* Build configuration list for PBXNativeTarget "MAD_Ind04_Crews_VirginiaTests" */;
			buildPhases = (
				56328F2D27FCBD9300CF968D /* Sources */,
				56328F2E27FCBD9300CF968D /* Frameworks */,
				56328F2F27FCBD9300CF968D /* Resources */,
			);
			buildRules = (
			);
			dependencies = (
				56328F3327FCBD9300CF968D /* PBXTargetDependency */,
			);
			name = MAD_Ind04_Crews_VirginiaTests;
			productName = MAD_Ind04_lastName_firstNameTests;
			productReference = 56328F3127FCBD9300CF968D /* MAD_Ind04_Crews_VirginiaTests.xctest */;
			productType = "com.apple.product-type.bundle.unit-test";
		};
		56328F3A27FCBD9300CF968D /* MAD_Ind04_Crews_VirginiaUITests */ = {
			isa = PBXNativeTarget;
			buildConfigurationList = 56328F4B27FCBD9300CF968D /* Build configuration list for PBXNativeTarget "MAD_Ind04_Crews_VirginiaUITests" */;
			buildPhases = (
				56328F3727FCBD9300CF968D /* Sources */,
				56328F3827FCBD9300CF968D /* Frameworks */,
				56328F3927FCBD9300CF968D /* Resources */,
			);
			buildRules = (
			);
			dependencies = (
				56328F3D27FCBD9300CF968D /* PBXTargetDependency */,
			);
			name = MAD_Ind04_Crews_VirginiaUITests;
			productName = MAD_Ind04_lastName_firstNameUITests;
			productReference = 56328F3B27FCBD9300CF968D /* MAD_Ind04_Crews_VirginiaUITests.xctest */;
			productType = "com.apple.product-type.bundle.ui-testing";
		};
/* End PBXNativeTarget section */

/* Begin PBXProject section */
		56328F1327FCBD9100CF968D /* Project object */ = {
			isa = PBXProject;
			attributes = {
				BuildIndependentTargetsInParallel = 1;
				LastSwiftUpdateCheck = 1320;
				LastUpgradeCheck = 1320;
				TargetAttributes = {
					56328F1A27FCBD9100CF968D = {
						CreatedOnToolsVersion = 13.2.1;
					};
					56328F3027FCBD9300CF968D = {
						CreatedOnToolsVersion = 13.2.1;
						TestTargetID = 56328F1A27FCBD9100CF968D;
					};
					56328F3A27FCBD9300CF968D = {
						CreatedOnToolsVersion = 13.2.1;
						TestTargetID = 56328F1A27FCBD9100CF968D;
					};
				};
			};
			buildConfigurationList = 56328F1627FCBD9100CF968D /* Build configuration list for PBXProject "MAD_Ind04_Crews_Virginia" */;
			compatibilityVersion = "Xcode 13.0";
			developmentRegion = en;
			hasScannedForEncodings = 0;
			knownRegions = (
				en,
				Base,
			);
			mainGroup = 56328F1227FCBD9100CF968D;
			productRefGroup = 56328F1C27FCBD9100CF968D /* Products */;
			projectDirPath = "";
			projectRoot = "";
			targets = (
				56328F1A27FCBD9100CF968D /* MAD_Ind04_Crews_Virginia */,
				56328F3027FCBD9300CF968D /* MAD_Ind04_Crews_VirginiaTests */,
				56328F3A27FCBD9300CF968D /* MAD_Ind04_Crews_VirginiaUITests */,
			);
		};
/* End PBXProject section */

/* Begin PBXResourcesBuildPhase section */
		56328F1927FCBD9100CF968D /* Resources */ = {
			isa = PBXResourcesBuildPhase;
			buildActionMask = 2147483647;
			files = (
				56328F2B27FCBD9300CF968D /* LaunchScreen.storyboard in Resources */,
				56328F2827FCBD9300CF968D /* Assets.xcassets in Resources */,
				56328F2627FCBD9100CF968D /* Main.storyboard in Resources */,
			);
			runOnlyForDeploymentPostprocessing = 0;
		};
		56328F2F27FCBD9300CF968D /* Resources */ = {
			isa = PBXResourcesBuildPhase;
			buildActionMask = 2147483647;
			files = (
			);
			runOnlyForDeploymentPostprocessing = 0;
		};
		56328F3927FCBD9300CF968D /* Resources */ = {
			isa = PBXResourcesBuildPhase;
			buildActionMask = 2147483647;
			files = (
			);
			runOnlyForDeploymentPostprocessing = 0;
		};
/* End PBXResourcesBuildPhase section */

/* Begin PBXSourcesBuildPhase section */
		56328F1727FCBD9100CF968D /* Sources */ = {
			isa = PBXSourcesBuildPhase;
			buildActionMask = 2147483647;
			files = (
				56328F2327FCBD9100CF968D /* ViewController.swift in Sources */,
				56328F1F27FCBD9100CF968D /* AppDelegate.swift in Sources */,
				56328F2127FCBD9100CF968D /* SceneDelegate.swift in Sources */,
				56328F4F27FCBF4700CF968D /* TableViewController.swift in Sources */,
			);
			runOnlyForDeploymentPostprocessing = 0;
		};
		56328F2D27FCBD9300CF968D /* Sources */ = {
			isa = PBXSourcesBuildPhase;
			buildActionMask = 2147483647;
			files = (
				56328F3627FCBD9300CF968D /* MAD_Ind04_lastName_firstNameTests.swift in Sources */,
			);
			runOnlyForDeploymentPostprocessing = 0;
		};
		56328F3727FCBD9300CF968D /* Sources */ = {
			isa = PBXSourcesBuildPhase;
			buildActionMask = 2147483647;
			files = (
				56328F4227FCBD9300CF968D /* MAD_Ind04_lastName_firstNameUITestsLaunchTests.swift in Sources */,
				56328F4027FCBD9300CF968D /* MAD_Ind04_lastName_firstNameUITests.swift in Sources */,
			);
			runOnlyForDeploymentPostprocessing = 0;
		};
/* End PBXSourcesBuildPhase section */

/* Begin PBXTargetDependency section */
		56328F3327FCBD9300CF968D /* PBXTargetDependency */ = {
			isa = PBXTargetDependency;
			target = 56328F1A27FCBD9100CF968D /* MAD_Ind04_Crews_Virginia */;
			targetProxy = 56328F3227FCBD9300CF968D /* PBXContainerItemProxy */;
		};
		56328F3D27FCBD9300CF968D /* PBXTargetDependency */ = {
			isa = PBXTargetDependency;
			target = 56328F1A27FCBD9100CF968D /* MAD_Ind04_Crews_Virginia */;
			targetProxy = 56328F3C27FCBD9300CF968D /* PBXContainerItemProxy */;
		};
/* End PBXTargetDependency section */

/* Begin PBXVariantGroup section */
		56328F2427FCBD9100CF968D /* Main.storyboard */ = {
			isa = PBXVariantGroup;
			children = (
				56328F2527FCBD9100CF968D /* Base */,
			);
			name = Main.storyboard;
			sourceTree = "<group>";
		};
		56328F2927FCBD9300CF968D /* LaunchScreen.storyboard */ = {
			isa = PBXVariantGroup;
			children = (
				56328F2A27FCBD9300CF968D /* Base */,
			);
			name = LaunchScreen.storyboard;
			sourceTree = "<group>";
		};
/* End PBXVariantGroup section */

/* Begin XCBuildConfiguration section */
		56328F4327FCBD9300CF968D /* Debug */ = {
			isa = XCBuildConfiguration;
			buildSettings = {
				ALWAYS_SEARCH_USER_PATHS = NO;
				CLANG_ANALYZER_NONNULL = YES;
				CLANG_ANALYZER_NUMBER_OBJECT_CONVERSION = YES_AGGRESSIVE;
				CLANG_CXX_LANGUAGE_STANDARD = "gnu++17";
				CLANG_CXX_LIBRARY = "libc++";
				CLANG_ENABLE_MODULES = YES;
				CLANG_ENABLE_OBJC_ARC = YES;
				CLANG_ENABLE_OBJC_WEAK = YES;
				CLANG_WARN_BLOCK_CAPTURE_AUTORELEASING = YES;
				CLANG_WARN_BOOL_CONVERSION = YES;
				CLANG_WARN_COMMA = YES;
				CLANG_WARN_CONSTANT_CONVERSION = YES;
				CLANG_WARN_DEPRECATED_OBJC_IMPLEMENTATIONS = YES;
				CLANG_WARN_DIRECT_OBJC_ISA_USAGE = YES_ERROR;
				CLANG_WARN_DOCUMENTATION_COMMENTS = YES;
				CLANG_WARN_EMPTY_BODY = YES;
				CLANG_WARN_ENUM_CONVERSION = YES;
				CLANG_WARN_INFINITE_RECURSION = YES;
				CLANG_WARN_INT_CONVERSION = YES;
				CLANG_WARN_NON_LITERAL_NULL_CONVERSION = YES;
				CLANG_WARN_OBJC_IMPLICIT_RETAIN_SELF = YES;
				CLANG_WARN_OBJC_LITERAL_CONVERSION = YES;
				CLANG_WARN_OBJC_ROOT_CLASS = YES_ERROR;
				CLANG_WARN_QUOTED_INCLUDE_IN_FRAMEWORK_HEADER = YES;
				CLANG_WARN_RANGE_LOOP_ANALYSIS = YES;
				CLANG_WARN_STRICT_PROTOTYPES = YES;
				CLANG_WARN_SUSPICIOUS_MOVE = YES;
				CLANG_WARN_UNGUARDED_AVAILABILITY = YES_AGGRESSIVE;
				CLANG_WARN_UNREACHABLE_CODE = YES;
				CLANG_WARN__DUPLICATE_METHOD_MATCH = YES;
				COPY_PHASE_STRIP = NO;
				DEBUG_INFORMATION_FORMAT = dwarf;
				ENABLE_STRICT_OBJC_MSGSEND = YES;
				ENABLE_TESTABILITY = YES;
				GCC_C_LANGUAGE_STANDARD = gnu11;
				GCC_DYNAMIC_NO_PIC = NO;
				GCC_NO_COMMON_BLOCKS = YES;
				GCC_OPTIMIZATION_LEVEL = 0;
				GCC_PREPROCESSOR_DEFINITIONS = (
					"DEBUG=1",
					"$(inherited)",
				);
				GCC_WARN_64_TO_32_BIT_CONVERSION = YES;
				GCC_WARN_ABOUT_RETURN_TYPE = YES_ERROR;
				GCC_WARN_UNDECLARED_SELECTOR = YES;
				GCC_WARN_UNINITIALIZED_AUTOS = YES_AGGRESSIVE;
				GCC_WARN_UNUSED_FUNCTION = YES;
				GCC_WARN_UNUSED_VARIABLE = YES;
				IPHONEOS_DEPLOYMENT_TARGET = 15.2;
				MTL_ENABLE_DEBUG_INFO = INCLUDE_SOURCE;
				MTL_FAST_MATH = YES;
				ONLY_ACTIVE_ARCH = YES;
				SDKROOT = iphoneos;
				SWIFT_ACTIVE_COMPILATION_CONDITIONS = DEBUG;
				SWIFT_OPTIMIZATION_LEVEL = "-Onone";
			};
			name = Debug;
		};
		56328F4427FCBD9300CF968D /* Release */ = {
			isa = XCBuildConfiguration;
			buildSettings = {
				ALWAYS_SEARCH_USER_PATHS = NO;
				CLANG_ANALYZER_NONNULL = YES;
				CLANG_ANALYZER_NUMBER_OBJECT_CONVERSION = YES_AGGRESSIVE;
				CLANG_CXX_LANGUAGE_STANDARD = "gnu++17";
				CLANG_CXX_LIBRARY = "libc++";
				CLANG_ENABLE_MODULES = YES;
				CLANG_ENABLE_OBJC_ARC = YES;
				CLANG_ENABLE_OBJC_WEAK = YES;
				CLANG_WARN_BLOCK_CAPTURE_AUTORELEASING = YES;
				CLANG_WARN_BOOL_CONVERSION = YES;
				CLANG_WARN_COMMA = YES;
				CLANG_WARN_CONSTANT_CONVERSION = YES;
				CLANG_WARN_DEPRECATED_OBJC_IMPLEMENTATIONS = YES;
				CLANG_WARN_DIRECT_OBJC_ISA_USAGE = YES_ERROR;
				CLANG_WARN_DOCUMENTATION_COMMENTS = YES;
				CLANG_WARN_EMPTY_BODY = YES;
				CLANG_WARN_ENUM_CONVERSION = YES;
				CLANG_WARN_INFINITE_RECURSION = YES;
				CLANG_WARN_INT_CONVERSION = YES;
				CLANG_WARN_NON_LITERAL_NULL_CONVERSION = YES;
				CLANG_WARN_OBJC_IMPLICIT_RETAIN_SELF = YES;
				CLANG_WARN_OBJC_LITERAL_CONVERSION = YES;
				CLANG_WARN_OBJC_ROOT_CLASS = YES_ERROR;
				CLANG_WARN_QUOTED_INCLUDE_IN_FRAMEWORK_HEADER = YES;
				CLANG_WARN_RANGE_LOOP_ANALYSIS = YES;
				CLANG_WARN_STRICT_PROTOTYPES = YES;
				CLANG_WARN_SUSPICIOUS_MOVE = YES;
				CLANG_WARN_UNGUARDED_AVAILABILITY = YES_AGGRESSIVE;
				CLANG_WARN_UNREACHABLE_CODE = YES;
				CLANG_WARN__DUPLICATE_METHOD_MATCH = YES;
				COPY_PHASE_STRIP = NO;
				DEBUG_INFORMATION_FORMAT = "dwarf-with-dsym";
				ENABLE_NS_ASSERTIONS = NO;
				ENABLE_STRICT_OBJC_MSGSEND = YES;
				GCC_C_LANGUAGE_STANDARD = gnu11;
				GCC_NO_COMMON_BLOCKS = YES;
				GCC_WARN_64_TO_32_BIT_CONVERSION = YES;
				GCC_WARN_ABOUT_RETURN_TYPE = YES_ERROR;
				GCC_WARN_UNDECLARED_SELECTOR = YES;
				GCC_WARN_UNINITIALIZED_AUTOS = YES_AGGRESSIVE;
				GCC_WARN_UNUSED_FUNCTION = YES;
				GCC_WARN_UNUSED_VARIABLE = YES;
				IPHONEOS_DEPLOYMENT_TARGET = 15.2;
				MTL_ENABLE_DEBUG_INFO = NO;
				MTL_FAST_MATH = YES;
				SDKROOT = iphoneos;
				SWIFT_COMPILATION_MODE = wholemodule;
				SWIFT_OPTIMIZATION_LEVEL = "-O";
				VALIDATE_PRODUCT = YES;
			};
			name = Release;
		};
		56328F4627FCBD9300CF968D /* Debug */ = {
			isa = XCBuildConfiguration;
			buildSettings = {
				ASSETCATALOG_COMPILER_APPICON_NAME = AppIcon;
				ASSETCATALOG_COMPILER_GLOBAL_ACCENT_COLOR_NAME = AccentColor;
				CODE_SIGN_STYLE = Automatic;
				CURRENT_PROJECT_VERSION = 1;
				GENERATE_INFOPLIST_FILE = YES;
				INFOPLIST_FILE = MAD_Ind04_lastName_firstName/Info.plist;
				INFOPLIST_KEY_UIApplicationSupportsIndirectInputEvents = YES;
				INFOPLIST_KEY_UILaunchStoryboardName = LaunchScreen;
				INFOPLIST_KEY_UIMainStoryboardFile = Main;
				INFOPLIST_KEY_UISupportedInterfaceOrientations_iPad = "UIInterfaceOrientationPortrait UIInterfaceOrientationPortraitUpsideDown UIInterfaceOrientationLandscapeLeft UIInterfaceOrientationLandscapeRight";
				INFOPLIST_KEY_UISupportedInterfaceOrientations_iPhone = "UIInterfaceOrientationPortrait UIInterfaceOrientationLandscapeLeft UIInterfaceOrientationLandscapeRight";
				LD_RUNPATH_SEARCH_PATHS = (
					"$(inherited)",
					"@executable_path/Frameworks",
				);
				MARKETING_VERSION = 1.0;
				PRODUCT_BUNDLE_IDENTIFIER = "AppDev.MAD-Ind04-lastName-firstName";
				PRODUCT_NAME = "$(TARGET_NAME)";
				SWIFT_EMIT_LOC_STRINGS = YES;
				SWIFT_VERSION = 5.0;
				TARGETED_DEVICE_FAMILY = "1,2";
			};
			name = Debug;
		};
		56328F4727FCBD9300CF968D /* Release */ = {
			isa = XCBuildConfiguration;
			buildSettings = {
				ASSETCATALOG_COMPILER_APPICON_NAME = AppIcon;
				ASSETCATALOG_COMPILER_GLOBAL_ACCENT_COLOR_NAME = AccentColor;
				CODE_SIGN_STYLE = Automatic;
				CURRENT_PROJECT_VERSION = 1;
				GENERATE_INFOPLIST_FILE = YES;
				INFOPLIST_FILE = MAD_Ind04_lastName_firstName/Info.plist;
				INFOPLIST_KEY_UIApplicationSupportsIndirectInputEvents = YES;
				INFOPLIST_KEY_UILaunchStoryboardName = LaunchScreen;
				INFOPLIST_KEY_UIMainStoryboardFile = Main;
				INFOPLIST_KEY_UISupportedInterfaceOrientations_iPad = "UIInterfaceOrientationPortrait UIInterfaceOrientationPortraitUpsideDown UIInterfaceOrientationLandscapeLeft UIInterfaceOrientationLandscapeRight";
				INFOPLIST_KEY_UISupportedInterfaceOrientations_iPhone = "UIInterfaceOrientationPortrait UIInterfaceOrientationLandscapeLeft UIInterfaceOrientationLandscapeRight";
				LD_RUNPATH_SEARCH_PATHS = (
					"$(inherited)",
					"@executable_path/Frameworks",
				);
				MARKETING_VERSION = 1.0;
				PRODUCT_BUNDLE_IDENTIFIER = "AppDev.MAD-Ind04-lastName-firstName";
				PRODUCT_NAME = "$(TARGET_NAME)";
				SWIFT_EMIT_LOC_STRINGS = YES;
				SWIFT_VERSION = 5.0;
				TARGETED_DEVICE_FAMILY = "1,2";
			};
			name = Release;
		};
		56328F4927FCBD9300CF968D /* Debug */ = {
			isa = XCBuildConfiguration;
			buildSettings = {
				ALWAYS_EMBED_SWIFT_STANDARD_LIBRARIES = YES;
				BUNDLE_LOADER = "$(TEST_HOST)";
				CODE_SIGN_STYLE = Automatic;
				CURRENT_PROJECT_VERSION = 1;
				GENERATE_INFOPLIST_FILE = YES;
				IPHONEOS_DEPLOYMENT_TARGET = 15.2;
				MARKETING_VERSION = 1.0;
				PRODUCT_BUNDLE_IDENTIFIER = "AppDev.MAD-Ind04-lastName-firstNameTests";
				PRODUCT_NAME = "$(TARGET_NAME)";
				SWIFT_EMIT_LOC_STRINGS = NO;
				SWIFT_VERSION = 5.0;
				TARGETED_DEVICE_FAMILY = "1,2";
				TEST_HOST = "$(BUILT_PRODUCTS_DIR)/MAD_Ind04_Crews_Virginia.app/MAD_Ind04_Crews_Virginia";
			};
			name = Debug;
		};
		56328F4A27FCBD9300CF968D /* Release */ = {
			isa = XCBuildConfiguration;
			buildSettings = {
				ALWAYS_EMBED_SWIFT_STANDARD_LIBRARIES = YES;
				BUNDLE_LOADER = "$(TEST_HOST)";
				CODE_SIGN_STYLE = Automatic;
				CURRENT_PROJECT_VERSION = 1;
				GENERATE_INFOPLIST_FILE = YES;
				IPHONEOS_DEPLOYMENT_TARGET = 15.2;
				MARKETING_VERSION = 1.0;
				PRODUCT_BUNDLE_IDENTIFIER = "AppDev.MAD-Ind04-lastName-firstNameTests";
				PRODUCT_NAME = "$(TARGET_NAME)";
				SWIFT_EMIT_LOC_STRINGS = NO;
				SWIFT_VERSION = 5.0;
				TARGETED_DEVICE_FAMILY = "1,2";
				TEST_HOST = "$(BUILT_PRODUCTS_DIR)/MAD_Ind04_Crews_Virginia.app/MAD_Ind04_Crews_Virginia";
			};
			name = Release;
		};
		56328F4C27FCBD9300CF968D /* Debug */ = {
			isa = XCBuildConfiguration;
			buildSettings = {
				ALWAYS_EMBED_SWIFT_STANDARD_LIBRARIES = YES;
				CODE_SIGN_STYLE = Automatic;
				CURRENT_PROJECT_VERSION = 1;
				GENERATE_INFOPLIST_FILE = YES;
				MARKETING_VERSION = 1.0;
				PRODUCT_BUNDLE_IDENTIFIER = "AppDev.MAD-Ind04-lastName-firstNameUITests";
				PRODUCT_NAME = "$(TARGET_NAME)";
				SWIFT_EMIT_LOC_STRINGS = NO;
				SWIFT_VERSION = 5.0;
				TARGETED_DEVICE_FAMILY = "1,2";
				TEST_TARGET_NAME = MAD_Ind04_lastName_firstName;
			};
			name = Debug;
		};
		56328F4D27FCBD9300CF968D /* Release */ = {
			isa = XCBuildConfiguration;
			buildSettings = {
				ALWAYS_EMBED_SWIFT_STANDARD_LIBRARIES = YES;
				CODE_SIGN_STYLE = Automatic;
				CURRENT_PROJECT_VERSION = 1;
				GENERATE_INFOPLIST_FILE = YES;
				MARKETING_VERSION = 1.0;
				PRODUCT_BUNDLE_IDENTIFIER = "AppDev.MAD-Ind04-lastName-firstNameUITests";
				PRODUCT_NAME = "$(TARGET_NAME)";
				SWIFT_EMIT_LOC_STRINGS = NO;
				SWIFT_VERSION = 5.0;
				TARGETED_DEVICE_FAMILY = "1,2";
				TEST_TARGET_NAME = MAD_Ind04_lastName_firstName;
			};
			name = Release;
		};
/* End XCBuildConfiguration section */

/* Begin XCConfigurationList section */
		56328F1627FCBD9100CF968D /* Build configuration list for PBXProject "MAD_Ind04_Crews_Virginia" */ = {
			isa = XCConfigurationList;
			buildConfigurations = (
				56328F4327FCBD9300CF968D /* Debug */,
				56328F4427FCBD9300CF968D /* Release */,
			);
			defaultConfigurationIsVisible = 0;
			defaultConfigurationName = Release;
		};
		56328F4527FCBD9300CF968D /* Build configuration list for PBXNativeTarget "MAD_Ind04_Crews_Virginia" */ = {
			isa = XCConfigurationList;
			buildConfigurations = (
				56328F4627FCBD9300CF968D /* Debug */,
				56328F4727FCBD9300CF968D /* Release */,
			);
			defaultConfigurationIsVisible = 0;
			defaultConfigurationName = Release;
		};
		56328F4827FCBD9300CF968D /* Build configuration list for PBXNativeTarget "MAD_Ind04_Crews_VirginiaTests" */ = {
			isa = XCConfigurationList;
			buildConfigurations = (
				56328F4927FCBD9300CF968D /* Debug */,
				56328F4A27FCBD9300CF968D /* Release */,
			);
			defaultConfigurationIsVisible = 0;
			defaultConfigurationName = Release;
		};
		56328F4B27FCBD9300CF968D /* Build configuration list for PBXNativeTarget "MAD_Ind04_Crews_VirginiaUITests" */ = {
			isa = XCConfigurationList;
			buildConfigurations = (
				56328F4C27FCBD9300CF968D /* Debug */,
				56328F4D27FCBD9300CF968D /* Release */,
			);
			defaultConfigurationIsVisible = 0;
			defaultConfigurationName = Release;
		};
/* End XCConfigurationList section */
	};
	rootObject = 56328F1327FCBD9100CF968D /* Project object */;
}
